
Microsoft Visual Studio Solution File, Format Version 12.00
# Visual Studio 2013
VisualStudioVersion = 12.0.21005.1
MinimumVisualStudioVersion = 10.0.40219.1
Project("{F2A71F9B-5D33-465A-A702-920D77279786}") = "CWNotify", "CWNotify\CWNotify.fsproj", "{200DF897-C99A-43A9-9255-6BC2C79F8529}"
EndProject
Global
	GlobalSection(SolutionConfigurationPlatforms) = preSolution
		Debug|Any CPU = Debug|Any CPU
		Release|Any CPU = Release|Any CPU
	EndGlobalSection
	GlobalSection(ProjectConfigurationPlatforms) = postSolution
		{200DF897-C99A-43A9-9255-6BC2C79F8529}.Debug|Any CPU.ActiveCfg = Debug|Any CPU
		{200DF897-C99A-43A9-9255-6BC2C79F8529}.Debug|Any CPU.Build.0 = Debug|Any CPU
		{200DF897-C99A-43A9-9255-6BC2C79F8529}.Release|Any CPU.ActiveCfg = Release|Any CPU
		{200DF897-C99A-43A9-9255-6BC2C79F8529}.Release|Any CPU.Build.0 = Release|Any CPU
	EndGlobalSection
	GlobalSection(SolutionProperties) = preSolution
		HideSolutionNode = FALSE
	EndGlobalSection
EndGlobal
